
Microsoft Visual Studio Solution File, Format Version 12.00
# Visual Studio Version 17
VisualStudioVersion = 17.14.36518.9 d17.14
MinimumVisualStudioVersion = 10.0.40219.1
Project("{FAE04EC0-301F-11D3-BF4B-00C04F79EFBC}") = "EmployeeManagement", "EmployeeManagement\EmployeeManagement.csproj", "{74A82CCD-726D-4E9A-BE19-7B43C7AADB2E}"
EndProject
Global
	GlobalSection(SolutionConfigurationPlatforms) = preSolution
		Debug|Any CPU = Debug|Any CPU
		Release|Any CPU = Release|Any CPU
	EndGlobalSection
	GlobalSection(ProjectConfigurationPlatforms) = postSolution
		{74A82CCD-726D-4E9A-BE19-7B43C7AADB2E}.Debug|Any CPU.ActiveCfg = Debug|Any CPU
		{74A82CCD-726D-4E9A-BE19-7B43C7AADB2E}.Debug|Any CPU.Build.0 = Debug|Any CPU
		{74A82CCD-726D-4E9A-BE19-7B43C7AADB2E}.Release|Any CPU.ActiveCfg = Release|Any CPU
		{74A82CCD-726D-4E9A-BE19-7B43C7AADB2E}.Release|Any CPU.Build.0 = Release|Any CPU
	EndGlobalSection
	GlobalSection(SolutionProperties) = preSolution
		HideSolutionNode = FALSE
	EndGlobalSection
	GlobalSection(ExtensibilityGlobals) = postSolution
		SolutionGuid = {F1104A97-ECC3-4008-BFB9-8BFBE5993D65}
	EndGlobalSection
EndGlobal
